
Microsoft Visual Studio Solution File, Format Version 12.00
# Visual Studio Version 17
VisualStudioVersion = 17.0.31903.59
MinimumVisualStudioVersion = 10.0.40219.1
Project("{FAE04EC0-301F-11D3-BF4B-00C04F79EFBC}") = "WebApp.App", "WebApp.App\WebApp.App.csproj", "{41FA8100-97F2-433E-9563-49DA860AEDDB}"
EndProject
Project("{FAE04EC0-301F-11D3-BF4B-00C04F79EFBC}") = "WebApp", "WebApp\WebApp.csproj", "{649A8952-971B-49CC-8045-C028460F2B15}"
EndProject
Global
	GlobalSection(SolutionConfigurationPlatforms) = preSolution
		Debug|Any CPU = Debug|Any CPU
		Release|Any CPU = Release|Any CPU
	EndGlobalSection
	GlobalSection(SolutionProperties) = preSolution
		HideSolutionNode = FALSE
	EndGlobalSection
	GlobalSection(ProjectConfigurationPlatforms) = postSolution
		{41FA8100-97F2-433E-9563-49DA860AEDDB}.Debug|Any CPU.ActiveCfg = Debug|Any CPU
		{41FA8100-97F2-433E-9563-49DA860AEDDB}.Debug|Any CPU.Build.0 = Debug|Any CPU
		{41FA8100-97F2-433E-9563-49DA860AEDDB}.Release|Any CPU.ActiveCfg = Release|Any CPU
		{41FA8100-97F2-433E-9563-49DA860AEDDB}.Release|Any CPU.Build.0 = Release|Any CPU
		{649A8952-971B-49CC-8045-C028460F2B15}.Debug|Any CPU.ActiveCfg = Debug|Any CPU
		{649A8952-971B-49CC-8045-C028460F2B15}.Debug|Any CPU.Build.0 = Debug|Any CPU
		{649A8952-971B-49CC-8045-C028460F2B15}.Release|Any CPU.ActiveCfg = Release|Any CPU
		{649A8952-971B-49CC-8045-C028460F2B15}.Release|Any CPU.Build.0 = Release|Any CPU
	EndGlobalSection
EndGlobal
